// !$*UTF8*$!
{
	archiveVersion = 1;
	classes = {
	};
	objectVersion = 50;
	objects = {

/* Begin PBXBuildFile section */
		238F3C6524D28B990085D91C /* AppDelegate.swift in Sources */ = {isa = PBXBuildFile; fileRef = 238F3C6424D28B990085D91C /* AppDelegate.swift */; };
		238F3C6724D28B990085D91C /* SceneDelegate.swift in Sources */ = {isa = PBXBuildFile; fileRef = 238F3C6624D28B990085D91C /* SceneDelegate.swift */; };
		238F3C6C24D28B990085D91C /* Main.storyboard in Resources */ = {isa = PBXBuildFile; fileRef = 238F3C6A24D28B990085D91C /* Main.storyboard */; };
		238F3C6E24D28B9A0085D91C /* Assets.xcassets in Resources */ = {isa = PBXBuildFile; fileRef = 238F3C6D24D28B9A0085D91C /* Assets.xcassets */; };
		238F3C7124D28B9A0085D91C /* LaunchScreen.storyboard in Resources */ = {isa = PBXBuildFile; fileRef = 238F3C6F24D28B9A0085D91C /* LaunchScreen.storyboard */; };
		238F3C7924D290D20085D91C /* UITableTableViewController.swift in Sources */ = {isa = PBXBuildFile; fileRef = 238F3C7824D290D20085D91C /* UITableTableViewController.swift */; };
		238F3C7B24D2914F0085D91C /* DetailViewController.swift in Sources */ = {isa = PBXBuildFile; fileRef = 238F3C7A24D2914F0085D91C /* DetailViewController.swift */; };
		238F3C7F24D2945F0085D91C /* Flag.swift in Sources */ = {isa = PBXBuildFile; fileRef = 238F3C7E24D2945F0085D91C /* Flag.swift */; };
		238F3C8124D3DA090085D91C /* FlagCell.swift in Sources */ = {isa = PBXBuildFile; fileRef = 238F3C8024D3DA090085D91C /* FlagCell.swift */; };
/* End PBXBuildFile section */

/* Begin PBXFileReference section */
		238F3C6124D28B990085D91C /* Milestone2.app */ = {isa = PBXFileReference; explicitFileType = wrapper.application; includeInIndex = 0; path = Milestone2.app; sourceTree = BUILT_PRODUCTS_DIR; };
		238F3C6424D28B990085D91C /* AppDelegate.swift */ = {isa = PBXFileReference; lastKnownFileType = sourcecode.swift; path = AppDelegate.swift; sourceTree = "<group>"; };
		238F3C6624D28B990085D91C /* SceneDelegate.swift */ = {isa = PBXFileReference; lastKnownFileType = sourcecode.swift; path = SceneDelegate.swift; sourceTree = "<group>"; };
		238F3C6B24D28B990085D91C /* Base */ = {isa = PBXFileReference; lastKnownFileType = file.storyboard; name = Base; path = Base.lproj/Main.storyboard; sourceTree = "<group>"; };
		238F3C6D24D28B9A0085D91C /* Assets.xcassets */ = {isa = PBXFileReference; lastKnownFileType = folder.assetcatalog; path = Assets.xcassets; sourceTree = "<group>"; };
		238F3C7024D28B9A0085D91C /* Base */ = {isa = PBXFileReference; lastKnownFileType = file.storyboard; name = Base; path = Base.lproj/LaunchScreen.storyboard; sourceTree = "<group>"; };
		238F3C7224D28B9A0085D91C /* Info.plist */ = {isa = PBXFileReference; lastKnownFileType = text.plist.xml; path = Info.plist; sourceTree = "<group>"; };
		238F3C7824D290D20085D91C /* UITableTableViewController.swift */ = {isa = PBXFileReference; lastKnownFileType = sourcecode.swift; path = UITableTableViewController.swift; sourceTree = "<group>"; };
		238F3C7A24D2914F0085D91C /* DetailViewController.swift */ = {isa = PBXFileReference; lastKnownFileType = sourcecode.swift; path = DetailViewController.swift; sourceTree = "<group>"; };
		238F3C7E24D2945F0085D91C /* Flag.swift */ = {isa = PBXFileReference; lastKnownFileType = sourcecode.swift; path = Flag.swift; sourceTree = "<group>"; };
		238F3C8024D3DA090085D91C /* FlagCell.swift */ = {isa = PBXFileReference; lastKnownFileType = sourcecode.swift; path = FlagCell.swift; sourceTree = SOURCE_ROOT; };
/* End PBXFileReference section */

/* Begin PBXFrameworksBuildPhase section */
		238F3C5E24D28B990085D91C /* Frameworks */ = {
			isa = PBXFrameworksBuildPhase;
			buildActionMask = 2147483647;
			files = (
			);
			runOnlyForDeploymentPostprocessing = 0;
		};
/* End PBXFrameworksBuildPhase section */

/* Begin PBXGroup section */
		238F3C5824D28B990085D91C = {
			isa = PBXGroup;
			children = (
				238F3C6324D28B990085D91C /* Milestone2 */,
				238F3C6224D28B990085D91C /* Products */,
			);
			sourceTree = "<group>";
		};
		238F3C6224D28B990085D91C /* Products */ = {
			isa = PBXGroup;
			children = (
				238F3C6124D28B990085D91C /* Milestone2.app */,
			);
			name = Products;
			sourceTree = "<group>";
		};
		238F3C6324D28B990085D91C /* Milestone2 */ = {
			isa = PBXGroup;
			children = (
				238F3C6424D28B990085D91C /* AppDelegate.swift */,
				238F3C6624D28B990085D91C /* SceneDelegate.swift */,
				238F3C7E24D2945F0085D91C /* Flag.swift */,
				238F3C8024D3DA090085D91C /* FlagCell.swift */,
				238F3C7824D290D20085D91C /* UITableTableViewController.swift */,
				238F3C7A24D2914F0085D91C /* DetailViewController.swift */,
				238F3C6A24D28B990085D91C /* Main.storyboard */,
				238F3C6D24D28B9A0085D91C /* Assets.xcassets */,
				238F3C6F24D28B9A0085D91C /* LaunchScreen.storyboard */,
				238F3C7224D28B9A0085D91C /* Info.plist */,
			);
			path = Milestone2;
			sourceTree = "<group>";
		};
/* End PBXGroup section */

/* Begin PBXNativeTarget section */
		238F3C6024D28B990085D91C /* Milestone2 */ = {
			isa = PBXNativeTarget;
			buildConfigurationList = 238F3C7524D28B9A0085D91C /* Build configuration list for PBXNativeTarget "Milestone2" */;
			buildPhases = (
				238F3C5D24D28B990085D91C /* Sources */,
				238F3C5E24D28B990085D91C /* Frameworks */,
				238F3C5F24D28B990085D91C /* Resources */,
			);
			buildRules = (
			);
			dependencies = (
			);
			name = Milestone2;
			productName = Milestone2;
			productReference = 238F3C6124D28B990085D91C /* Milestone2.app */;
			productType = "com.apple.product-type.application";
		};
/* End PBXNativeTarget section */

/* Begin PBXProject section */
		238F3C5924D28B990085D91C /* Project object */ = {
			isa = PBXProject;
			attributes = {
				LastSwiftUpdateCheck = 1160;
				LastUpgradeCheck = 1160;
				ORGANIZATIONNAME = "Matthew Hollyhead";
				TargetAttributes = {
					238F3C6024D28B990085D91C = {
						CreatedOnToolsVersion = 11.6;
					};
				};
			};
			buildConfigurationList = 238F3C5C24D28B990085D91C /* Build configuration list for PBXProject "Milestone2" */;
			compatibilityVersion = "Xcode 9.3";
			developmentRegion = en;
			hasScannedForEncodings = 0;
			knownRegions = (
				en,
				Base,
			);
			mainGroup = 238F3C5824D28B990085D91C;
			productRefGroup = 238F3C6224D28B990085D91C /* Products */;
			projectDirPath = "";
			projectRoot = "";
			targets = (
				238F3C6024D28B990085D91C /* Milestone2 */,
			);
		};
/* End PBXProject section */

/* Begin PBXResourcesBuildPhase section */
		238F3C5F24D28B990085D91C /* Resources */ = {
			isa = PBXResourcesBuildPhase;
			buildActionMask = 2147483647;
			files = (
				238F3C7124D28B9A0085D91C /* LaunchScreen.storyboard in Resources */,
				238F3C6E24D28B9A0085D91C /* Assets.xcassets in Resources */,
				238F3C6C24D28B990085D91C /* Main.storyboard in Resources */,
			);
			runOnlyForDeploymentPostprocessing = 0;
		};
/* End PBXResourcesBuildPhase section */

/* Begin PBXSourcesBuildPhase section */
		238F3C5D24D28B990085D91C /* Sources */ = {
			isa = PBXSourcesBuildPhase;
			buildActionMask = 2147483647;
			files = (
				238F3C7924D290D20085D91C /* UITableTableViewController.swift in Sources */,
				238F3C7F24D2945F0085D91C /* Flag.swift in Sources */,
				238F3C6524D28B990085D91C /* AppDelegate.swift in Sources */,
				238F3C6724D28B990085D91C /* SceneDelegate.swift in Sources */,
				238F3C7B24D2914F0085D91C /* DetailViewController.swift in Sources */,
				238F3C8124D3DA090085D91C /* FlagCell.swift in Sources */,
			);
			runOnlyForDeploymentPostprocessing = 0;
		};
/* End PBXSourcesBuildPhase section */

/* Begin PBXVariantGroup section */
		238F3C6A24D28B990085D91C /* Main.storyboard */ = {
			isa = PBXVariantGroup;
			children = (
				238F3C6B24D28B990085D91C /* Base */,
			);
			name = Main.storyboard;
			sourceTree = "<group>";
		};
		238F3C6F24D28B9A0085D91C /* LaunchScreen.storyboard */ = {
			isa = PBXVariantGroup;
			children = (
				238F3C7024D28B9A0085D91C /* Base */,
			);
			name = LaunchScreen.storyboard;
			sourceTree = "<group>";
		};
/* End PBXVariantGroup section */

/* Begin XCBuildConfiguration section */
		238F3C7324D28B9A0085D91C /* Debug */ = {
			isa = XCBuildConfiguration;
			buildSettings = {
				ALWAYS_SEARCH_USER_PATHS = NO;
				CLANG_ANALYZER_NONNULL = YES;
				CLANG_ANALYZER_NUMBER_OBJECT_CONVERSION = YES_AGGRESSIVE;
				CLANG_CXX_LANGUAGE_STANDARD = "gnu++14";
				CLANG_CXX_LIBRARY = "libc++";
				CLANG_ENABLE_MODULES = YES;
				CLANG_ENABLE_OBJC_ARC = YES;
				CLANG_ENABLE_OBJC_WEAK = YES;
				CLANG_WARN_BLOCK_CAPTURE_AUTORELEASING = YES;
				CLANG_WARN_BOOL_CONVERSION = YES;
				CLANG_WARN_COMMA = YES;
				CLANG_WARN_CONSTANT_CONVERSION = YES;
				CLANG_WARN_DEPRECATED_OBJC_IMPLEMENTATIONS = YES;
				CLANG_WARN_DIRECT_OBJC_ISA_USAGE = YES_ERROR;
				CLANG_WARN_DOCUMENTATION_COMMENTS = YES;
				CLANG_WARN_EMPTY_BODY = YES;
				CLANG_WARN_ENUM_CONVERSION = YES;
				CLANG_WARN_INFINITE_RECURSION = YES;
				CLANG_WARN_INT_CONVERSION = YES;
				CLANG_WARN_NON_LITERAL_NULL_CONVERSION = YES;
				CLANG_WARN_OBJC_IMPLICIT_RETAIN_SELF = YES;
				CLANG_WARN_OBJC_LITERAL_CONVERSION = YES;
				CLANG_WARN_OBJC_ROOT_CLASS = YES_ERROR;
				CLANG_WARN_RANGE_LOOP_ANALYSIS = YES;
				CLANG_WARN_STRICT_PROTOTYPES = YES;
				CLANG_WARN_SUSPICIOUS_MOVE = YES;
				CLANG_WARN_UNGUARDED_AVAILABILITY = YES_AGGRESSIVE;
				CLANG_WARN_UNREACHABLE_CODE = YES;
				CLANG_WARN__DUPLICATE_METHOD_MATCH = YES;
				COPY_PHASE_STRIP = NO;
				DEBUG_INFORMATION_FORMAT = dwarf;
				ENABLE_STRICT_OBJC_MSGSEND = YES;
				ENABLE_TESTABILITY = YES;
				GCC_C_LANGUAGE_STANDARD = gnu11;
				GCC_DYNAMIC_NO_PIC = NO;
				GCC_NO_COMMON_BLOCKS = YES;
				GCC_OPTIMIZATION_LEVEL = 0;
				GCC_PREPROCESSOR_DEFINITIONS = (
					"DEBUG=1",
					"$(inherited)",
				);
				GCC_WARN_64_TO_32_BIT_CONVERSION = YES;
				GCC_WARN_ABOUT_RETURN_TYPE = YES_ERROR;
				GCC_WARN_UNDECLARED_SELECTOR = YES;
				GCC_WARN_UNINITIALIZED_AUTOS = YES_AGGRESSIVE;
				GCC_WARN_UNUSED_FUNCTION = YES;
				GCC_WARN_UNUSED_VARIABLE = YES;
				IPHONEOS_DEPLOYMENT_TARGET = 13.6;
				MTL_ENABLE_DEBUG_INFO = INCLUDE_SOURCE;
				MTL_FAST_MATH = YES;
				ONLY_ACTIVE_ARCH = YES;
				SDKROOT = iphoneos;
				SWIFT_ACTIVE_COMPILATION_CONDITIONS = DEBUG;
				SWIFT_OPTIMIZATION_LEVEL = "-Onone";
			};
			name = Debug;
		};
		238F3C7424D28B9A0085D91C /* Release */ = {
			isa = XCBuildConfiguration;
			buildSettings = {
				ALWAYS_SEARCH_USER_PATHS = NO;
				CLANG_ANALYZER_NONNULL = YES;
				CLANG_ANALYZER_NUMBER_OBJECT_CONVERSION = YES_AGGRESSIVE;
				CLANG_CXX_LANGUAGE_STANDARD = "gnu++14";
				CLANG_CXX_LIBRARY = "libc++";
				CLANG_ENABLE_MODULES = YES;
				CLANG_ENABLE_OBJC_ARC = YES;
				CLANG_ENABLE_OBJC_WEAK = YES;
				CLANG_WARN_BLOCK_CAPTURE_AUTORELEASING = YES;
				CLANG_WARN_BOOL_CONVERSION = YES;
				CLANG_WARN_COMMA = YES;
				CLANG_WARN_CONSTANT_CONVERSION = YES;
				CLANG_WARN_DEPRECATED_OBJC_IMPLEMENTATIONS = YES;
				CLANG_WARN_DIRECT_OBJC_ISA_USAGE = YES_ERROR;
				CLANG_WARN_DOCUMENTATION_COMMENTS = YES;
				CLANG_WARN_EMPTY_BODY = YES;
				CLANG_WARN_ENUM_CONVERSION = YES;
				CLANG_WARN_INFINITE_RECURSION = YES;
				CLANG_WARN_INT_CONVERSION = YES;
				CLANG_WARN_NON_LITERAL_NULL_CONVERSION = YES;
				CLANG_WARN_OBJC_IMPLICIT_RETAIN_SELF = YES;
				CLANG_WARN_OBJC_LITERAL_CONVERSION = YES;
				CLANG_WARN_OBJC_ROOT_CLASS = YES_ERROR;
				CLANG_WARN_RANGE_LOOP_ANALYSIS = YES;
				CLANG_WARN_STRICT_PROTOTYPES = YES;
				CLANG_WARN_SUSPICIOUS_MOVE = YES;
				CLANG_WARN_UNGUARDED_AVAILABILITY = YES_AGGRESSIVE;
				CLANG_WARN_UNREACHABLE_CODE = YES;
				CLANG_WARN__DUPLICATE_METHOD_MATCH = YES;
				COPY_PHASE_STRIP = NO;
				DEBUG_INFORMATION_FORMAT = "dwarf-with-dsym";
				ENABLE_NS_ASSERTIONS = NO;
				ENABLE_STRICT_OBJC_MSGSEND = YES;
				GCC_C_LANGUAGE_STANDARD = gnu11;
				GCC_NO_COMMON_BLOCKS = YES;
				GCC_WARN_64_TO_32_BIT_CONVERSION = YES;
				GCC_WARN_ABOUT_RETURN_TYPE = YES_ERROR;
				GCC_WARN_UNDECLARED_SELECTOR = YES;
				GCC_WARN_UNINITIALIZED_AUTOS = YES_AGGRESSIVE;
				GCC_WARN_UNUSED_FUNCTION = YES;
				GCC_WARN_UNUSED_VARIABLE = YES;
				IPHONEOS_DEPLOYMENT_TARGET = 13.6;
				MTL_ENABLE_DEBUG_INFO = NO;
				MTL_FAST_MATH = YES;
				SDKROOT = iphoneos;
				SWIFT_COMPILATION_MODE = wholemodule;
				SWIFT_OPTIMIZATION_LEVEL = "-O";
				VALIDATE_PRODUCT = YES;
			};
			name = Release;
		};
		238F3C7624D28B9A0085D91C /* Debug */ = {
			isa = XCBuildConfiguration;
			buildSettings = {
				ASSETCATALOG_COMPILER_APPICON_NAME = AppIcon;
				CODE_SIGN_STYLE = Automatic;
				DEVELOPMENT_TEAM = JZU4295NP5;
				INFOPLIST_FILE = Milestone2/Info.plist;
				LD_RUNPATH_SEARCH_PATHS = (
					"$(inherited)",
					"@executable_path/Frameworks",
				);
				PRODUCT_BUNDLE_IDENTIFIER = com.matthollyhead.Milestone2;
				PRODUCT_NAME = "$(TARGET_NAME)";
				SWIFT_VERSION = 5.0;
				TARGETED_DEVICE_FAMILY = 1;
			};
			name = Debug;
		};
		238F3C7724D28B9A0085D91C /* Release */ = {
			isa = XCBuildConfiguration;
			buildSettings = {
				ASSETCATALOG_COMPILER_APPICON_NAME = AppIcon;
				CODE_SIGN_STYLE = Automatic;
				DEVELOPMENT_TEAM = JZU4295NP5;
				INFOPLIST_FILE = Milestone2/Info.plist;
				LD_RUNPATH_SEARCH_PATHS = (
					"$(inherited)",
					"@executable_path/Frameworks",
				);
				PRODUCT_BUNDLE_IDENTIFIER = com.matthollyhead.Milestone2;
				PRODUCT_NAME = "$(TARGET_NAME)";
				SWIFT_VERSION = 5.0;
				TARGETED_DEVICE_FAMILY = 1;
			};
			name = Release;
		};
/* End XCBuildConfiguration section */

/* Begin XCConfigurationList section */
		238F3C5C24D28B990085D91C /* Build configuration list for PBXProject "Milestone2" */ = {
			isa = XCConfigurationList;
			buildConfigurations = (
				238F3C7324D28B9A0085D91C /* Debug */,
				238F3C7424D28B9A0085D91C /* Release */,
			);
			defaultConfigurationIsVisible = 0;
			defaultConfigurationName = Release;
		};
		238F3C7524D28B9A0085D91C /* Build configuration list for PBXNativeTarget "Milestone2" */ = {
			isa = XCConfigurationList;
			buildConfigurations = (
				238F3C7624D28B9A0085D91C /* Debug */,
				238F3C7724D28B9A0085D91C /* Release */,
			);
			defaultConfigurationIsVisible = 0;
			defaultConfigurationName = Release;
		};
/* End XCConfigurationList section */
	};
	rootObject = 238F3C5924D28B990085D91C /* Project object */;
}
